<?xml version="1.0" encoding="utf-8"?>
<Project xmlns="http://schemas.microsoft.com/developer/msbuild/2003">
  <PropertyGroup>
    <ProjectGuid>{5963fafb-9898-4f00-965a-b1a6c73330e7}</ProjectGuid>
    <Configuration Condition=" '$(Configuration)' == '' ">Debug</Configuration>
    <Platform Condition=" '$(Platform)' == '' ">AnyCPU</Platform>
    <DCC_DCCCompiler>DCC32</DCC_DCCCompiler>
    <DCC_DependencyCheckOutputName>..\.bin\BenchmarkCmd.exe</DCC_DependencyCheckOutputName>
    <MainSource>BenchmarkCmd.dpr</MainSource>
  </PropertyGroup>
  <PropertyGroup Condition=" '$(Configuration)|$(Platform)' == 'Release|AnyCPU' ">
    <Version>7.0</Version>
    <DCC_DebugInformation>False</DCC_DebugInformation>
    <DCC_LocalDebugSymbols>False</DCC_LocalDebugSymbols>
    <DCC_SymbolReferenceInfo>0</DCC_SymbolReferenceInfo>
    <DCC_Define>RELEASE</DCC_Define>
    <DCC_AssertionsAtRuntime>False</DCC_AssertionsAtRuntime>
    <DCC_ExeOutput>..\.bin\</DCC_ExeOutput>
    <DCC_DcuOutput>..\.dcu</DCC_DcuOutput>
    <DCC_ObjOutput>..\.dcu</DCC_ObjOutput>
    <DCC_HppOutput>..\.dcu</DCC_HppOutput>
    <DCC_UnitSearchPath>..\;..\Basic\;..\Performance;..\Includes;..\Synchronize;..\CoordConvert\;..\Geometry\;..\ConfigData\;..\GeoCalc\</DCC_UnitSearchPath>
    <DCC_ResourcePath>..\;..\Basic\;..\Performance;..\Includes;..\Synchronize;..\CoordConvert\;..\Geometry\;..\ConfigData\;..\GeoCalc\</DCC_ResourcePath>
    <DCC_ObjPath>..\;..\Basic\;..\Performance;..\Includes;..\Synchronize;..\CoordConvert\;..\Geometry\;..\ConfigData\;..\GeoCalc\</DCC_ObjPath>
    <DCC_IncludePath>..\;..\Basic\;..\Performance;..\Includes;..\Synchronize;..\CoordConvert\;..\Geometry\;..\ConfigData\;..\GeoCalc\</DCC_IncludePath>
  </PropertyGroup>
  <PropertyGroup Condition=" '$(Configuration)|$(Platform)' == 'Debug|AnyCPU' ">
    <Version>7.0</Version>
    <DCC_Define>DEBUG</DCC_Define>
    <DCC_ExeOutput>..\.bin\</DCC_ExeOutput>
    <DCC_DcuOutput>..\.dcu</DCC_DcuOutput>
    <DCC_ObjOutput>..\.dcu</DCC_ObjOutput>
    <DCC_HppOutput>..\.dcu</DCC_HppOutput>
    <DCC_UnitSearchPath>..\;..\Basic\;..\Performance;..\Includes;..\Synchronize;..\CoordConvert\;..\Geometry\;..\ConfigData\;..\GeoCalc\</DCC_UnitSearchPath>
    <DCC_ResourcePath>..\;..\Basic\;..\Performance;..\Includes;..\Synchronize;..\CoordConvert\;..\Geometry\;..\ConfigData\;..\GeoCalc\</DCC_ResourcePath>
    <DCC_ObjPath>..\;..\Basic\;..\Performance;..\Includes;..\Synchronize;..\CoordConvert\;..\Geometry\;..\ConfigData\;..\GeoCalc\</DCC_ObjPath>
    <DCC_IncludePath>..\;..\Basic\;..\Performance;..\Includes;..\Synchronize;..\CoordConvert\;..\Geometry\;..\ConfigData\;..\GeoCalc\</DCC_IncludePath>
  </PropertyGroup>
  <ProjectExtensions>
    <Borland.Personality>Delphi.Personality</Borland.Personality>
    <Borland.ProjectType />
    <BorlandProject>
<BorlandProject><Delphi.Personality><Parameters><Parameters Name="UseLauncher">False</Parameters><Parameters Name="LoadAllSymbols">True</Parameters><Parameters Name="LoadUnspecifiedSymbols">False</Parameters></Parameters><VersionInfo><VersionInfo Name="IncludeVerInfo">False</VersionInfo><VersionInfo Name="AutoIncBuild">False</VersionInfo><VersionInfo Name="MajorVer">1</VersionInfo><VersionInfo Name="MinorVer">0</VersionInfo><VersionInfo Name="Release">0</VersionInfo><VersionInfo Name="Build">0</VersionInfo><VersionInfo Name="Debug">False</VersionInfo><VersionInfo Name="PreRelease">False</VersionInfo><VersionInfo Name="Special">False</VersionInfo><VersionInfo Name="Private">False</VersionInfo><VersionInfo Name="DLL">False</VersionInfo><VersionInfo Name="Locale">1058</VersionInfo><VersionInfo Name="CodePage">1251</VersionInfo></VersionInfo><VersionInfoKeys><VersionInfoKeys Name="CompanyName"></VersionInfoKeys><VersionInfoKeys Name="FileDescription"></VersionInfoKeys><VersionInfoKeys Name="FileVersion">1.0.0.0</VersionInfoKeys><VersionInfoKeys Name="InternalName"></VersionInfoKeys><VersionInfoKeys Name="LegalCopyright"></VersionInfoKeys><VersionInfoKeys Name="LegalTrademarks"></VersionInfoKeys><VersionInfoKeys Name="OriginalFilename"></VersionInfoKeys><VersionInfoKeys Name="ProductName"></VersionInfoKeys><VersionInfoKeys Name="ProductVersion">1.0.0.0</VersionInfoKeys><VersionInfoKeys Name="Comments"></VersionInfoKeys></VersionInfoKeys><Source><Source Name="MainSource">BenchmarkCmd.dpr</Source></Source></Delphi.Personality></BorlandProject></BorlandProject>
  </ProjectExtensions>
  <Import Project="$(MSBuildBinPath)\Borland.Delphi.Targets" />
  <ItemGroup>
    <DelphiCompile Include="BenchmarkCmd.dpr">
      <MainSource>MainSource</MainSource>
    </DelphiCompile>
    <DCCReference Include="i_BenchmarkItem.pas" />
    <DCCReference Include="i_BenchmarkItemList.pas" />
    <DCCReference Include="i_BenchmarkResult.pas" />
    <DCCReference Include="i_BenchmarkResultList.pas" />
    <DCCReference Include="i_BenchmarkResultListSaver.pas" />
    <DCCReference Include="i_BenchmarkSystem.pas" />
    <DCCReference Include="i_BenchmarkTestRunner.pas" />
    <DCCReference Include="u_BenchmarkItemBase.pas" />
    <DCCReference Include="u_BenchmarkItemBitmap32BlockTransferFull.pas" />
    <DCCReference Include="u_BenchmarkItemBitmap32BlockTransferQuarter.pas" />
    <DCCReference Include="u_BenchmarkItemBitmap32FillRect.pas" />
    <DCCReference Include="u_BenchmarkItemBitmap32Line.pas" />
    <DCCReference Include="u_BenchmarkItemBitmap32LineHorizontal.pas" />
    <DCCReference Include="u_BenchmarkItemBitmap32LineVertical.pas" />
    <DCCReference Include="u_BenchmarkItemCoordConverter.pas" />
    <DCCReference Include="u_BenchmarkItemEmpty.pas" />
    <DCCReference Include="u_BenchmarkItemHashFunction.pas" />
    <DCCReference Include="u_BenchmarkItemIncInterlocked.pas" />
    <DCCReference Include="u_BenchmarkItemIncSimple.pas" />
    <DCCReference Include="u_BenchmarkItemList.pas" />
    <DCCReference Include="u_BenchmarkItemSyncRead.pas" />
    <DCCReference Include="u_BenchmarkItemSyncWrite.pas" />
    <DCCReference Include="u_BenchmarkItemTimer.pas" />
    <DCCReference Include="u_BenchmarkResult.pas" />
    <DCCReference Include="u_BenchmarkResultList.pas" />
    <DCCReference Include="u_BenchmarkResultListSaverToCsv.pas" />
    <DCCReference Include="u_BenchmarkSystem.pas" />
    <DCCReference Include="u_BenchmarkTestRunner.pas" />
  </ItemGroup>
</Project>