<Project xmlns="http://schemas.microsoft.com/developer/msbuild/2003">
  <PropertyGroup>
    <ProjectGuid>{092acdb9-78c4-46bb-a031-9882cf06d705}</ProjectGuid>
    <Configuration Condition=" '$(Configuration)' == '' ">Release</Configuration>
    <Platform Condition=" '$(Platform)' == '' ">AnyCPU</Platform>
    <DCC_DCCCompiler>DCC32</DCC_DCCCompiler>
    <DCC_DependencyCheckOutputName>..\..\.bin\TestWMCopyData.exe</DCC_DependencyCheckOutputName>
    <MainSource>TestWMCopyData.dpr</MainSource>
  </PropertyGroup>
  <PropertyGroup Condition=" '$(Configuration)|$(Platform)' == 'Release|AnyCPU' ">
    <Version>7.0</Version>
    <DCC_DebugInformation>False</DCC_DebugInformation>
    <DCC_LocalDebugSymbols>False</DCC_LocalDebugSymbols>
    <DCC_SymbolReferenceInfo>0</DCC_SymbolReferenceInfo>
    <DCC_Define>RELEASE</DCC_Define>
    <DCC_AssertionsAtRuntime>False</DCC_AssertionsAtRuntime>
    <DCC_ExeOutput>..\..\.bin</DCC_ExeOutput>
    <DCC_DcuOutput>..\..\.dcu</DCC_DcuOutput>
    <DCC_ObjOutput>..\..\.dcu</DCC_ObjOutput>
    <DCC_HppOutput>..\..\.dcu</DCC_HppOutput>
  </PropertyGroup>
  <PropertyGroup Condition=" '$(Configuration)|$(Platform)' == 'Debug|AnyCPU' ">
    <Version>7.0</Version>
    <DCC_Define>DEBUG</DCC_Define>
    <DCC_ExeOutput>..\..\.bin</DCC_ExeOutput>
    <DCC_DcuOutput>..\..\.dcu</DCC_DcuOutput>
    <DCC_ObjOutput>..\..\.dcu</DCC_ObjOutput>
    <DCC_HppOutput>..\..\.dcu</DCC_HppOutput>
  </PropertyGroup>
  <ProjectExtensions>
    <Borland.Personality>Delphi.Personality</Borland.Personality>
    <Borland.ProjectType />
    <BorlandProject>
<BorlandProject><Delphi.Personality><Parameters><Parameters Name="UseLauncher">False</Parameters><Parameters Name="LoadAllSymbols">True</Parameters><Parameters Name="LoadUnspecifiedSymbols">False</Parameters></Parameters><VersionInfo><VersionInfo Name="IncludeVerInfo">False</VersionInfo><VersionInfo Name="AutoIncBuild">False</VersionInfo><VersionInfo Name="MajorVer">1</VersionInfo><VersionInfo Name="MinorVer">0</VersionInfo><VersionInfo Name="Release">0</VersionInfo><VersionInfo Name="Build">0</VersionInfo><VersionInfo Name="Debug">False</VersionInfo><VersionInfo Name="PreRelease">False</VersionInfo><VersionInfo Name="Special">False</VersionInfo><VersionInfo Name="Private">False</VersionInfo><VersionInfo Name="DLL">False</VersionInfo><VersionInfo Name="Locale">1049</VersionInfo><VersionInfo Name="CodePage">1251</VersionInfo></VersionInfo><VersionInfoKeys><VersionInfoKeys Name="CompanyName"></VersionInfoKeys><VersionInfoKeys Name="FileDescription"></VersionInfoKeys><VersionInfoKeys Name="FileVersion">1.0.0.0</VersionInfoKeys><VersionInfoKeys Name="InternalName"></VersionInfoKeys><VersionInfoKeys Name="LegalCopyright"></VersionInfoKeys><VersionInfoKeys Name="LegalTrademarks"></VersionInfoKeys><VersionInfoKeys Name="OriginalFilename"></VersionInfoKeys><VersionInfoKeys Name="ProductName"></VersionInfoKeys><VersionInfoKeys Name="ProductVersion">1.0.0.0</VersionInfoKeys><VersionInfoKeys Name="Comments"></VersionInfoKeys></VersionInfoKeys><Excluded_Packages>
      <Excluded_Packages Name="$(BDS)\bin\dcldb100.bpl">CodeGear Database Components</Excluded_Packages>
      <Excluded_Packages Name="$(BDS)\bin\dclnet100.bpl">CodeGear Internet Components</Excluded_Packages>
      <Excluded_Packages Name="$(BDS)\bin\dbx100.bpl">CodeGear SQL Explorer UI Package</Excluded_Packages>
      <Excluded_Packages Name="$(BDS)\bin\dclmid100.bpl">CodeGear MyBase DataAccess Components</Excluded_Packages>
      <Excluded_Packages Name="$(BDS)\bin\dcldbx4100.bpl">CodeGear dbExpress Components</Excluded_Packages>
      <Excluded_Packages Name="$(BDS)\bin\dclwbm100.bpl">CodeGear InternetExpress Components</Excluded_Packages>
      <Excluded_Packages Name="$(BDS)\bin\dclbde100.bpl">CodeGear BDE DB Components</Excluded_Packages>
      <Excluded_Packages Name="$(BDS)\bin\dclmlwiz100.bpl">CodeGear Markup Language Wizards</Excluded_Packages>
      <Excluded_Packages Name="$(BDS)\bin\dclmcn100.bpl">CodeGear DataSnap Connection Components</Excluded_Packages>
      <Excluded_Packages Name="$(BDS)\bin\dcltee7100.bpl">TeeChart Components</Excluded_Packages>
      <Excluded_Packages Name="$(BDS)\bin\dclado100.bpl">CodeGear ADO DB Components</Excluded_Packages>
      <Excluded_Packages Name="$(BDS)\bin\dcldbxcds4100.bpl">CodeGear SimpleDataset Component (DBX)</Excluded_Packages>
      <Excluded_Packages Name="$(BDS)\bin\dclie100.bpl">Internet Explorer Components</Excluded_Packages>
      <Excluded_Packages Name="$(BDS)\bin\dclwebsnap100.bpl">CodeGear WebSnap Components</Excluded_Packages>
      <Excluded_Packages Name="$(BDS)\bin\dclsoap100.bpl">CodeGear SOAP Components</Excluded_Packages>
      <Excluded_Packages Name="$(BDS)\Bin\dclib100.bpl">Borland InterBase Express Components</Excluded_Packages>
    </Excluded_Packages><Source><Source Name="MainSource">TestWMCopyData.dpr</Source></Source></Delphi.Personality></BorlandProject></BorlandProject>
  </ProjectExtensions>
  <Import Project="$(MSBuildBinPath)\Borland.Delphi.Targets" />
  <ItemGroup>
    <DelphiCompile Include="TestWMCopyData.dpr">
      <MainSource>MainSource</MainSource>
    </DelphiCompile>
    <DCCReference Include="..\..\u_CmdLineArgProcessorAPI.pas" />
  </ItemGroup>
</Project>