<Project xmlns="http://schemas.microsoft.com/developer/msbuild/2003">
    <PropertyGroup>
        <ProjectGuid>{19262BA6-BB74-4EBF-A592-322C6F5FC59B}</ProjectGuid>
        <ProjectVersion>20.3</ProjectVersion>
        <FrameworkType>VCL</FrameworkType>
        <Base>True</Base>
        <Config Condition="'$(Config)'==''">Debug</Config>
        <Platform Condition="'$(Platform)'==''">Win32</Platform>
        <ProjectName Condition="'$(ProjectName)'==''">TestInternalBrowser</ProjectName>
        <TargetedPlatforms>3</TargetedPlatforms>
        <AppType>Application</AppType>
        <MainSource>TestInternalBrowser.dpr</MainSource>
    </PropertyGroup>
    <PropertyGroup Condition="'$(Config)'=='Base' or '$(Base)'!=''">
        <Base>true</Base>
    </PropertyGroup>
    <PropertyGroup Condition="('$(Platform)'=='Win32' and '$(Base)'=='true') or '$(Base_Win32)'!=''">
        <Base_Win32>true</Base_Win32>
        <CfgParent>Base</CfgParent>
        <Base>true</Base>
    </PropertyGroup>
    <PropertyGroup Condition="('$(Platform)'=='Win64' and '$(Base)'=='true') or '$(Base_Win64)'!=''">
        <Base_Win64>true</Base_Win64>
        <CfgParent>Base</CfgParent>
        <Base>true</Base>
    </PropertyGroup>
    <PropertyGroup Condition="'$(Config)'=='Debug' or '$(Cfg_1)'!=''">
        <Cfg_1>true</Cfg_1>
        <CfgParent>Base</CfgParent>
        <Base>true</Base>
    </PropertyGroup>
    <PropertyGroup Condition="('$(Platform)'=='Win32' and '$(Cfg_1)'=='true') or '$(Cfg_1_Win32)'!=''">
        <Cfg_1_Win32>true</Cfg_1_Win32>
        <CfgParent>Cfg_1</CfgParent>
        <Cfg_1>true</Cfg_1>
        <Base>true</Base>
    </PropertyGroup>
    <PropertyGroup Condition="('$(Platform)'=='Win64' and '$(Cfg_1)'=='true') or '$(Cfg_1_Win64)'!=''">
        <Cfg_1_Win64>true</Cfg_1_Win64>
        <CfgParent>Cfg_1</CfgParent>
        <Cfg_1>true</Cfg_1>
        <Base>true</Base>
    </PropertyGroup>
    <PropertyGroup Condition="'$(Config)'=='Release' or '$(Cfg_2)'!=''">
        <Cfg_2>true</Cfg_2>
        <CfgParent>Base</CfgParent>
        <Base>true</Base>
    </PropertyGroup>
    <PropertyGroup Condition="('$(Platform)'=='Win32' and '$(Cfg_2)'=='true') or '$(Cfg_2_Win32)'!=''">
        <Cfg_2_Win32>true</Cfg_2_Win32>
        <CfgParent>Cfg_2</CfgParent>
        <Cfg_2>true</Cfg_2>
        <Base>true</Base>
    </PropertyGroup>
    <PropertyGroup Condition="('$(Platform)'=='Win64' and '$(Cfg_2)'=='true') or '$(Cfg_2_Win64)'!=''">
        <Cfg_2_Win64>true</Cfg_2_Win64>
        <CfgParent>Cfg_2</CfgParent>
        <Cfg_2>true</Cfg_2>
        <Base>true</Base>
    </PropertyGroup>
    <PropertyGroup Condition="'$(Base)'!=''">
        <DCC_DcuOutput>..\..\.dcu\$(Platform)\$(Config)</DCC_DcuOutput>
        <DCC_ExeOutput>..\..\.bin\$(Platform)</DCC_ExeOutput>
        <DCC_E>false</DCC_E>
        <DCC_N>false</DCC_N>
        <DCC_S>false</DCC_S>
        <DCC_F>false</DCC_F>
        <DCC_K>false</DCC_K>
        <DCC_Namespace>System;Xml;Data;Datasnap;Web;Soap;Vcl;Vcl.Imaging;Vcl.Touch;Vcl.Samples;Vcl.Shell;$(DCC_Namespace)</DCC_Namespace>
        <Icon_MainIcon>$(BDS)\bin\delphi_PROJECTICON.ico</Icon_MainIcon>
        <SanitizedProjectName>TestInternalBrowser</SanitizedProjectName>
        <DCC_UnitSearchPath>..\..\Includes\;..\..\Includes\BerkeleyDB\;..\..\Includes\FastCode\;..\..\Includes\FastMM\;..\..\Includes\FreeImage\;..\..\Includes\Fundamentals\;..\..\Includes\LibJpeg\;..\..\Includes\LibPng\;..\..\Includes\libtiff\;..\..\Includes\Proj4\;..\..\Includes\RarProgressBar\;..\..\Src\;..\..\Src\ArchiveReadWrite\;..\..\Src\Basic\;..\..\Src\Bitmap32\;..\..\Src\BitmapLayerProvider\;..\..\Src\BitmapPostProcessing\;..\..\Src\BitmapTileSaveLoad\;..\..\Src\Browser\;..\..\Src\CacheManager\;..\..\Src\CmdLineArgProcessor\;..\..\Src\ConfigData\;..\..\Src\ContentType\;..\..\Src\CoordConvert\;..\..\Src\CoordRepresentation\;..\..\Src\Debug\;..\..\Src\GeoCalc\;..\..\Src\GeoCoder\;..\..\Src\Geometry\;..\..\Src\GPS\;..\..\Src\HashFunction\;..\..\Src\ImageResampler\;..\..\Src\InternalDomain\;..\..\Src\Logger\;..\..\Src\MainForm\;..\..\Src\MapCalibration\;..\..\Src\MapLayers\;..\..\Src\MapType\;..\..\Src\MapVersion\;..\..\Src\Marker\;..\..\Src\MarkPicture\;..\..\Src\MarksDB\;..\..\Src\Network\;..\..\Src\PascalScript\;..\..\Src\Performance\;..\..\Src\Player\;..\..\Src\Predicate\;..\..\Src\RegionProcess\;..\..\Src\Routing\;..\..\Src\SecondaryForms\;..\..\Src\Sensor\;..\..\Src\Settings\;..\..\Src\Synchronize\;..\..\Src\System\;..\..\Src\Terrain\;..\..\Src\TileIterator\;..\..\Src\TileMatrix\;..\..\Src\TileProvider\;..\..\Src\TileStorage\;..\..\Src\TimeZone\;..\..\Src\UpdateChecker\;..\..\Src\UrlByCoord\;..\..\Src\ValueToStringConverter\;..\..\Src\Vcl\;..\..\Src\Vector\;..\..\Src\VectorLoaders\;..\..\Src\MainForm\ElevationMetaWriter\;..\..\Src\MainForm\ElevationProfile\;..\..\Src\MainForm\FavoriteMapSet\;..\..\Src\MainForm\MapHintWindow\;..\..\Src\MainForm\MergePolygons\;..\..\Src\MainForm\Search\;..\..\Src\TileStorage\Archive\;..\..\Src\TileStorage\BerkeleyDB\;..\..\Src\TileStorage\DBMS\;..\..\Src\TileStorage\FileSystem\;..\..\Src\TileStorage\GoogleEarth\;..\..\Src\TileStorage\RAM\;..\..\Src\TileStorage\SQLite\;..\..\Src\MarksDB\GUI\;..\..\Src\MarksDB\mORMot\;..\..\Src\MarksDB\SML\;..\..\Src\RegionProcess\Export\IMG\;..\..\Src\MarksDB\mORMot\Categories\;..\..\Src\MarksDB\mORMot\Marks\;..\..\Src\RegionProcess\Combine\GeoTiff\;..\..\Src\RegionProcess\Combine\;..\..\Src\Terrain\External\;..\..\Src\Terrain\GoogleEarth\;..\..\Src\TileStorage\DBMS\ExtTileStorages\;..\..\Src\TileStorageImporter\;..\..\Src\MapType\MapTypeProxy\;..\..\Src\TileStorage\SQLiteFile\;..\..\Src\Network\Curl;..\..\Src\Network\WinInet;$(DCC_UnitSearchPath)</DCC_UnitSearchPath>
        <VerInfo_Locale>1049</VerInfo_Locale>
        <VerInfo_Keys>CompanyName=;FileDescription=$(MSBuildProjectName);FileVersion=1.0.0.0;InternalName=;LegalCopyright=;LegalTrademarks=;OriginalFilename=;ProgramID=com.embarcadero.$(MSBuildProjectName);ProductName=$(MSBuildProjectName);ProductVersion=1.0.0.0;Comments=</VerInfo_Keys>
        <DCC_IMPLICIT_STRING_CAST>false</DCC_IMPLICIT_STRING_CAST>
        <DCC_SYMBOL_PLATFORM>false</DCC_SYMBOL_PLATFORM>
        <DCC_UNIT_PLATFORM>false</DCC_UNIT_PLATFORM>
        <DCC_DUPLICATE_CTOR_DTOR>false</DCC_DUPLICATE_CTOR_DTOR>
    </PropertyGroup>
    <PropertyGroup Condition="'$(Base_Win32)'!=''">
        <DCC_UsePackage>DataSnapServer;vclwinx;fmx;emshosting;DbxCommonDriver;vclie;bindengine;VCLRESTComponents;FireDACCommonODBC;DBXMSSQLDriver;IndyIPCommon;emsclient;FireDACCommonDriver;appanalytics;IndyProtocols;vclx;Skia.Package.RTL;dbxcds;vcledge;IndyIPClient;bindcompvclwinx;FmxTeeUI;emsedge;bindcompfmx;DBXFirebirdDriver;madBasic_;inetdb;ibmonitor;FireDACSqliteDriver;DbxClientDriver;GR32_R;FireDACASADriver;Tee;soapmidas;vclactnband;TeeUI;fmxFireDAC;dbexpress;FireDACInfxDriver;DBXMySQLDriver;VclSmp;inet;DataSnapCommon;fmxase;vcltouch;DBXOdbcDriver;dbrtl;FireDACOracleDriver;FireDACDBXDriver;fmxdae;TeeDB;FireDACMSAccDriver;CustomIPTransport;FireDACMSSQLDriver;DataSnapIndy10ServerTransport;DataSnapConnectors;DBXInterBaseDriver;vcldsnap;madExcept_;FireDACMongoDBDriver;IndySystem;FireDACTDataDriver;Skia.Package.VCL;vcldb;ibxbindings;VirtualTreesR;SynEditDR;vclFireDAC;madDisAsm_;bindcomp;DataSnapServerMidas;FireDACCommon;FireDACODBCDriver;emsserverresource;inetstn;TB2000_Run;IndyCore;RESTBackendComponents;bindcompdbx;TBX_Run;rtl;FireDACMySQLDriver;FireDACADSDriver;RESTComponents;DBXSqliteDriver;vcl;adortl;dsnapxml;dsnapcon;DataSnapClient;DataSnapProviderClient;IndyIPServer;DBXSybaseASEDriver;FixInsight_12;DBXDb2Driver;vclimg;DataSnapFireDAC;emsclientfiredac;FireDACPgDriver;FireDAC;FireDACDSDriver;inetdbxpress;xmlrtl;tethering;ibxpress;bindcompvcl;dsnap;DBXSybaseASADriver;CloudService;DBXOracleDriver;FireDACDb2Driver;DBXInformixDriver;vclib;DataSnapNativeClient;fmxobj;bindcompvclsmp;FMXTee;DatasnapConnectorsFreePascal;soaprtl;soapserver;FireDACIBDriver;$(DCC_UsePackage)</DCC_UsePackage>
        <DCC_Namespace>Winapi;System.Win;Data.Win;Datasnap.Win;Web.Win;Soap.Win;Xml.Win;Bde;$(DCC_Namespace)</DCC_Namespace>
        <BT_BuildType>Debug</BT_BuildType>
        <VerInfo_IncludeVerInfo>true</VerInfo_IncludeVerInfo>
        <VerInfo_Keys>CompanyName=;FileDescription=$(MSBuildProjectName);FileVersion=1.0.0.0;InternalName=;LegalCopyright=;LegalTrademarks=;OriginalFilename=;ProgramID=com.embarcadero.$(MSBuildProjectName);ProductName=$(MSBuildProjectName);ProductVersion=1.0.0.0;Comments=</VerInfo_Keys>
        <VerInfo_Locale>1033</VerInfo_Locale>
        <Manifest_File>$(BDS)\bin\default_app.manifest</Manifest_File>
    </PropertyGroup>
    <PropertyGroup Condition="'$(Base_Win64)'!=''">
        <DCC_UsePackage>DataSnapServer;vclwinx;fmx;emshosting;DbxCommonDriver;vclie;bindengine;VCLRESTComponents;FireDACCommonODBC;DBXMSSQLDriver;IndyIPCommon;emsclient;FireDACCommonDriver;appanalytics;IndyProtocols;vclx;dbxcds;vcledge;IndyIPClient;bindcompvclwinx;FmxTeeUI;emsedge;bindcompfmx;DBXFirebirdDriver;inetdb;ibmonitor;FireDACSqliteDriver;DbxClientDriver;FireDACASADriver;Tee;soapmidas;vclactnband;TeeUI;fmxFireDAC;dbexpress;FireDACInfxDriver;DBXMySQLDriver;VclSmp;inet;DataSnapCommon;fmxase;vcltouch;DBXOdbcDriver;dbrtl;FireDACOracleDriver;FireDACDBXDriver;fmxdae;TeeDB;FireDACMSAccDriver;CustomIPTransport;FireDACMSSQLDriver;DataSnapIndy10ServerTransport;DataSnapConnectors;DBXInterBaseDriver;vcldsnap;FireDACMongoDBDriver;IndySystem;FireDACTDataDriver;Skia.Package.VCL;vcldb;ibxbindings;VirtualTreesR;SynEditDR;vclFireDAC;bindcomp;DataSnapServerMidas;FireDACCommon;FireDACODBCDriver;emsserverresource;inetstn;IndyCore;RESTBackendComponents;bindcompdbx;rtl;FireDACMySQLDriver;FireDACADSDriver;RESTComponents;DBXSqliteDriver;vcl;adortl;dsnapxml;dsnapcon;DataSnapClient;DataSnapProviderClient;IndyIPServer;DBXSybaseASEDriver;DBXDb2Driver;vclimg;DataSnapFireDAC;emsclientfiredac;FireDACPgDriver;FireDAC;FireDACDSDriver;inetdbxpress;xmlrtl;tethering;ibxpress;bindcompvcl;dsnap;DBXSybaseASADriver;CloudService;DBXOracleDriver;FireDACDb2Driver;DBXInformixDriver;vclib;DataSnapNativeClient;fmxobj;bindcompvclsmp;FMXTee;DatasnapConnectorsFreePascal;soaprtl;soapserver;FireDACIBDriver;$(DCC_UsePackage)</DCC_UsePackage>
        <DCC_Namespace>Winapi;System.Win;Data.Win;Datasnap.Win;Web.Win;Soap.Win;Xml.Win;$(DCC_Namespace)</DCC_Namespace>
        <BT_BuildType>Debug</BT_BuildType>
        <VerInfo_IncludeVerInfo>true</VerInfo_IncludeVerInfo>
        <VerInfo_Keys>CompanyName=;FileDescription=$(MSBuildProjectName);FileVersion=1.0.0.0;InternalName=;LegalCopyright=;LegalTrademarks=;OriginalFilename=;ProgramID=com.embarcadero.$(MSBuildProjectName);ProductName=$(MSBuildProjectName);ProductVersion=1.0.0.0;Comments=</VerInfo_Keys>
        <VerInfo_Locale>1033</VerInfo_Locale>
        <Manifest_File>$(BDS)\bin\default_app.manifest</Manifest_File>
    </PropertyGroup>
    <PropertyGroup Condition="'$(Cfg_1)'!=''">
        <DCC_Define>DEBUG;$(DCC_Define)</DCC_Define>
        <DCC_DebugDCUs>true</DCC_DebugDCUs>
        <DCC_Optimize>false</DCC_Optimize>
        <DCC_GenerateStackFrames>true</DCC_GenerateStackFrames>
        <DCC_DebugInfoInExe>true</DCC_DebugInfoInExe>
        <DCC_RemoteDebug>true</DCC_RemoteDebug>
        <DCC_IntegerOverflowCheck>true</DCC_IntegerOverflowCheck>
        <DCC_RangeChecking>true</DCC_RangeChecking>
    </PropertyGroup>
    <PropertyGroup Condition="'$(Cfg_1_Win32)'!=''">
        <DCC_RemoteDebug>false</DCC_RemoteDebug>
        <AppDPIAwarenessMode>PerMonitorV2</AppDPIAwarenessMode>
    </PropertyGroup>
    <PropertyGroup Condition="'$(Cfg_1_Win64)'!=''">
        <AppDPIAwarenessMode>PerMonitorV2</AppDPIAwarenessMode>
    </PropertyGroup>
    <PropertyGroup Condition="'$(Cfg_2)'!=''">
        <DCC_LocalDebugSymbols>false</DCC_LocalDebugSymbols>
        <DCC_Define>RELEASE;$(DCC_Define)</DCC_Define>
        <DCC_SymbolReferenceInfo>0</DCC_SymbolReferenceInfo>
        <DCC_DebugInformation>0</DCC_DebugInformation>
    </PropertyGroup>
    <PropertyGroup Condition="'$(Cfg_2_Win32)'!=''">
        <AppDPIAwarenessMode>PerMonitorV2</AppDPIAwarenessMode>
    </PropertyGroup>
    <PropertyGroup Condition="'$(Cfg_2_Win64)'!=''">
        <AppDPIAwarenessMode>PerMonitorV2</AppDPIAwarenessMode>
    </PropertyGroup>
    <ItemGroup>
        <DelphiCompile Include="$(MainSource)">
            <MainSource>MainSource</MainSource>
        </DelphiCompile>
        <DCCReference Include="frm_Main.pas">
            <Form>frmMain</Form>
            <FormType>dfm</FormType>
        </DCCReference>
        <DCCReference Include="..\..\Src\Browser\u_InternalBrowserImplByEdge.pas"/>
        <DCCReference Include="..\..\Src\Browser\u_InternalBrowserImplByIE.pas"/>
        <DCCReference Include="..\..\Src\Browser\u_InternalBrowserImpl.pas"/>
        <DCCReference Include="..\..\Src\Browser\u_InternalBrowserFactory.pas"/>
        <BuildConfiguration Include="Base">
            <Key>Base</Key>
        </BuildConfiguration>
        <BuildConfiguration Include="Debug">
            <Key>Cfg_1</Key>
            <CfgParent>Base</CfgParent>
        </BuildConfiguration>
        <BuildConfiguration Include="Release">
            <Key>Cfg_2</Key>
            <CfgParent>Base</CfgParent>
        </BuildConfiguration>
    </ItemGroup>
    <ProjectExtensions>
        <Borland.Personality>Delphi.Personality.12</Borland.Personality>
        <Borland.ProjectType>Application</Borland.ProjectType>
        <BorlandProject>
            <Delphi.Personality>
                <Source>
                    <Source Name="MainSource">TestInternalBrowser.dpr</Source>
                </Source>
                <Excluded_Packages>
                    <Excluded_Packages Name="$(BDSBIN)\dcloffice2k290.bpl">Microsoft Office 2000 Sample Automation Server Wrapper Components</Excluded_Packages>
                    <Excluded_Packages Name="$(BDSBIN)\dclofficexp290.bpl">Microsoft Office XP Sample Automation Server Wrapper Components</Excluded_Packages>
                </Excluded_Packages>
            </Delphi.Personality>
            <Platforms>
                <Platform value="Win32">True</Platform>
                <Platform value="Win64">True</Platform>
            </Platforms>
        </BorlandProject>
        <ProjectFileVersion>12</ProjectFileVersion>
    </ProjectExtensions>
    <Import Project="$(BDS)\Bin\CodeGear.Delphi.Targets" Condition="Exists('$(BDS)\Bin\CodeGear.Delphi.Targets')"/>
    <Import Project="$(APPDATA)\Embarcadero\$(BDSAPPDATABASEDIR)\$(PRODUCTVERSION)\UserTools.proj" Condition="Exists('$(APPDATA)\Embarcadero\$(BDSAPPDATABASEDIR)\$(PRODUCTVERSION)\UserTools.proj')"/>
    <Import Project="$(MSBuildProjectName).deployproj" Condition="Exists('$(MSBuildProjectName).deployproj')"/>
</Project>
